{
  "requires": true,
  "lockfileVersion": 1,
  "dependencies": {
    "screenfull-es6": {
      "version": "0.1.3",
      "resolved": "https://registry.npmjs.org/screenfull-es6/-/screenfull-es6-0.1.3.tgz",
      "integrity": "sha512-sDFV4GNNmniejlGBHJ5OljpJo7Rnlq5ZSIYfMOUr/HvK/q1ttoiarB5rQtqxmUI+hOLi1JfhY1efye4pV9ALww=="
    }
  }
}
